
Microsoft Visual Studio Solution File, Format Version 12.00
# Visual Studio 15
VisualStudioVersion = 15.0.28307.106
MinimumVisualStudioVersion = 10.0.40219.1
Project("{9A19103F-16F7-4668-BE54-9A1E7A4F7556}") = "SourceLinkTest", "SourceLinkTest\SourceLinkTest.csproj", "{71939BAC-5536-4867-A8F7-A25362D09AA8}"
EndProject
Project("{9A19103F-16F7-4668-BE54-9A1E7A4F7556}") = "SourceLinkTest_snupkg", "SourceLinkTest_snupkg\SourceLinkTest_snupkg.csproj", "{E437F919-4503-436A-93EB-86BD9BC8E91B}"
EndProject
Project("{9A19103F-16F7-4668-BE54-9A1E7A4F7556}") = "SourceLinktTestV1", "SourceLinktTestV1\SourceLinktTestV1.csproj", "{D5C280AD-A993-4633-AE7B-07A71D7E3113}"
EndProject
Project("{FAE04EC0-301F-11D3-BF4B-00C04F79EFBC}") = "SourceLinkTestV2", "SourceLinkTestV2\SourceLinkTestV2.csproj", "{848BD98C-995D-4F13-965D-C1745BD83F74}"
EndProject
Project("{FAE04EC0-301F-11D3-BF4B-00C04F79EFBC}") = "SourceLinkTestV3", "SourceLinkTestV3\SourceLinkTestV3.csproj", "{A5F02F42-E04B-41D1-B0D9-269C673EEBC4}"
EndProject
Global
	GlobalSection(SolutionConfigurationPlatforms) = preSolution
		Debug|Any CPU = Debug|Any CPU
		Release|Any CPU = Release|Any CPU
	EndGlobalSection
	GlobalSection(ProjectConfigurationPlatforms) = postSolution
		{71939BAC-5536-4867-A8F7-A25362D09AA8}.Debug|Any CPU.ActiveCfg = Debug|Any CPU
		{71939BAC-5536-4867-A8F7-A25362D09AA8}.Debug|Any CPU.Build.0 = Debug|Any CPU
		{71939BAC-5536-4867-A8F7-A25362D09AA8}.Release|Any CPU.ActiveCfg = Release|Any CPU
		{71939BAC-5536-4867-A8F7-A25362D09AA8}.Release|Any CPU.Build.0 = Release|Any CPU
		{E437F919-4503-436A-93EB-86BD9BC8E91B}.Debug|Any CPU.ActiveCfg = Debug|Any CPU
		{E437F919-4503-436A-93EB-86BD9BC8E91B}.Debug|Any CPU.Build.0 = Debug|Any CPU
		{E437F919-4503-436A-93EB-86BD9BC8E91B}.Release|Any CPU.ActiveCfg = Release|Any CPU
		{E437F919-4503-436A-93EB-86BD9BC8E91B}.Release|Any CPU.Build.0 = Release|Any CPU
		{D5C280AD-A993-4633-AE7B-07A71D7E3113}.Debug|Any CPU.ActiveCfg = Debug|Any CPU
		{D5C280AD-A993-4633-AE7B-07A71D7E3113}.Debug|Any CPU.Build.0 = Debug|Any CPU
		{D5C280AD-A993-4633-AE7B-07A71D7E3113}.Release|Any CPU.ActiveCfg = Release|Any CPU
		{D5C280AD-A993-4633-AE7B-07A71D7E3113}.Release|Any CPU.Build.0 = Release|Any CPU
		{848BD98C-995D-4F13-965D-C1745BD83F74}.Debug|Any CPU.ActiveCfg = Debug|Any CPU
		{848BD98C-995D-4F13-965D-C1745BD83F74}.Debug|Any CPU.Build.0 = Debug|Any CPU
		{848BD98C-995D-4F13-965D-C1745BD83F74}.Release|Any CPU.ActiveCfg = Release|Any CPU
		{848BD98C-995D-4F13-965D-C1745BD83F74}.Release|Any CPU.Build.0 = Release|Any CPU
		{A5F02F42-E04B-41D1-B0D9-269C673EEBC4}.Debug|Any CPU.ActiveCfg = Debug|Any CPU
		{A5F02F42-E04B-41D1-B0D9-269C673EEBC4}.Debug|Any CPU.Build.0 = Debug|Any CPU
		{A5F02F42-E04B-41D1-B0D9-269C673EEBC4}.Release|Any CPU.ActiveCfg = Release|Any CPU
		{A5F02F42-E04B-41D1-B0D9-269C673EEBC4}.Release|Any CPU.Build.0 = Release|Any CPU
	EndGlobalSection
	GlobalSection(SolutionProperties) = preSolution
		HideSolutionNode = FALSE
	EndGlobalSection
	GlobalSection(ExtensibilityGlobals) = postSolution
		SolutionGuid = {25381A37-CD92-43A3-BC2F-1F2E9357C323}
	EndGlobalSection
EndGlobal
